// !$*UTF8*$!
{
	archiveVersion = 1;
	classes = {
	};
	objectVersion = 46;
	objects = {

/* Begin PBXBuildFile section */
		DC834253147158DE00F7025A /* Location.gpx in Resources */ = {isa = PBXBuildFile; fileRef = DC834252147158DE00F7025A /* Location.gpx */; };
		DC89B829143742AE00A35C7C /* CustomTableCell.m in Sources */ = {isa = PBXBuildFile; fileRef = DC89B827143742AE00A35C7C /* CustomTableCell.m */; };
		DC89B82A143742AE00A35C7C /* CustomTableCell.xib in Resources */ = {isa = PBXBuildFile; fileRef = DC89B828143742AE00A35C7C /* CustomTableCell.xib */; };
		DC89B835143745E800A35C7C /* NSObject+SBJSON.m in Sources */ = {isa = PBXBuildFile; fileRef = DC89B82E143745E700A35C7C /* NSObject+SBJSON.m */; };
		DC89B836143745E800A35C7C /* NSString+SBJSON.m in Sources */ = {isa = PBXBuildFile; fileRef = DC89B830143745E800A35C7C /* NSString+SBJSON.m */; };
		DC89B837143745E800A35C7C /* SBJsonParser.m in Sources */ = {isa = PBXBuildFile; fileRef = DC89B832143745E800A35C7C /* SBJsonParser.m */; };
		DC89B838143745E800A35C7C /* SBJsonWriter.m in Sources */ = {isa = PBXBuildFile; fileRef = DC89B834143745E800A35C7C /* SBJsonWriter.m */; };
		DC89B83A143745F000A35C7C /* SBJsonBase.m in Sources */ = {isa = PBXBuildFile; fileRef = DC89B839143745F000A35C7C /* SBJsonBase.m */; };
		DC8A41AE1478D3E900FF9245 /* CategoryViewController.m in Sources */ = {isa = PBXBuildFile; fileRef = DC8A41AC1478D3E900FF9245 /* CategoryViewController.m */; };
		DC8A41AF1478D3E900FF9245 /* CategoryViewController.xib in Resources */ = {isa = PBXBuildFile; fileRef = DC8A41AD1478D3E900FF9245 /* CategoryViewController.xib */; };
		DC8A41B71478DB0100FF9245 /* Default.png in Resources */ = {isa = PBXBuildFile; fileRef = DC8A41B61478DB0100FF9245 /* Default.png */; };
		DCA92706147802F800CB8D60 /* 08-chat.png in Resources */ = {isa = PBXBuildFile; fileRef = DCA92705147802F800CB8D60 /* 08-chat.png */; };
		DCA927081478037E00CB8D60 /* 33-cabinet.png in Resources */ = {isa = PBXBuildFile; fileRef = DCA927071478037E00CB8D60 /* 33-cabinet.png */; };
		DCA966A714754B86008465B3 /* CommentsTableCell.m in Sources */ = {isa = PBXBuildFile; fileRef = DCA966A514754B86008465B3 /* CommentsTableCell.m */; };
		DCA966A814754B86008465B3 /* CommentsTableCell.xib in Resources */ = {isa = PBXBuildFile; fileRef = DCA966A614754B86008465B3 /* CommentsTableCell.xib */; };
		DCA966AD14754D52008465B3 /* CommentsDetailViewController.m in Sources */ = {isa = PBXBuildFile; fileRef = DCA966AB14754D52008465B3 /* CommentsDetailViewController.m */; };
		DCA966AE14754D52008465B3 /* CommentsDetailViewController.xib in Resources */ = {isa = PBXBuildFile; fileRef = DCA966AC14754D52008465B3 /* CommentsDetailViewController.xib */; };
		DCAFA4E0147291FE006C5969 /* MoreViewController.m in Sources */ = {isa = PBXBuildFile; fileRef = DCAFA4DE147291FE006C5969 /* MoreViewController.m */; };
		DCAFA4E1147291FE006C5969 /* MoreViewController.xib in Resources */ = {isa = PBXBuildFile; fileRef = DCAFA4DF147291FE006C5969 /* MoreViewController.xib */; };
		DCAFA4EA14729864006C5969 /* ShareViewController.m in Sources */ = {isa = PBXBuildFile; fileRef = DCAFA4E814729864006C5969 /* ShareViewController.m */; };
		DCAFA4EB14729864006C5969 /* ShareViewController.xib in Resources */ = {isa = PBXBuildFile; fileRef = DCAFA4E914729864006C5969 /* ShareViewController.xib */; };
		DCAFA4ED14729C65006C5969 /* Shout.png in Resources */ = {isa = PBXBuildFile; fileRef = DCAFA4EC14729C65006C5969 /* Shout.png */; };
		DCAFA4EF14729D33006C5969 /* 112-group.png in Resources */ = {isa = PBXBuildFile; fileRef = DCAFA4EE14729D33006C5969 /* 112-group.png */; };
		DCAFA4F314729F4E006C5969 /* AboutViewController.m in Sources */ = {isa = PBXBuildFile; fileRef = DCAFA4F114729F4D006C5969 /* AboutViewController.m */; };
		DCAFA4F414729F4E006C5969 /* AboutViewController.xib in Resources */ = {isa = PBXBuildFile; fileRef = DCAFA4F214729F4D006C5969 /* AboutViewController.xib */; };
		DCB6BE07142E012800DCA5F4 /* AroundMeMapResults.m in Sources */ = {isa = PBXBuildFile; fileRef = DCB6BE01142E012800DCA5F4 /* AroundMeMapResults.m */; };
		DCB6BE08142E012800DCA5F4 /* AroundMeMapResults.xib in Resources */ = {isa = PBXBuildFile; fileRef = DCB6BE02142E012800DCA5F4 /* AroundMeMapResults.xib */; };
		DCB6BE09142E012800DCA5F4 /* AroundMeResults.m in Sources */ = {isa = PBXBuildFile; fileRef = DCB6BE03142E012800DCA5F4 /* AroundMeResults.m */; };
		DCB6BE0A142E012800DCA5F4 /* AroundMeResults.xib in Resources */ = {isa = PBXBuildFile; fileRef = DCB6BE04142E012800DCA5F4 /* AroundMeResults.xib */; };
		DCB6BE0B142E012800DCA5F4 /* AroundMeResultsViewController.xib in Resources */ = {isa = PBXBuildFile; fileRef = DCB6BE06142E012800DCA5F4 /* AroundMeResultsViewController.xib */; };
		DCB6BE0F142E014900DCA5F4 /* AroundMeResultsViewController.m in Sources */ = {isa = PBXBuildFile; fileRef = DCB6BE0E142E014900DCA5F4 /* AroundMeResultsViewController.m */; };
		DCB6BE11142E01D400DCA5F4 /* CoreLocation.framework in Frameworks */ = {isa = PBXBuildFile; fileRef = DCB6BE10142E01D400DCA5F4 /* CoreLocation.framework */; };
		DCB6BE13142E01D900DCA5F4 /* MapKit.framework in Frameworks */ = {isa = PBXBuildFile; fileRef = DCB6BE12142E01D900DCA5F4 /* MapKit.framework */; };
		DCBC8AB014238C180067C0B4 /* UIKit.framework in Frameworks */ = {isa = PBXBuildFile; fileRef = DCBC8AAF14238C180067C0B4 /* UIKit.framework */; };
		DCBC8AB214238C180067C0B4 /* Foundation.framework in Frameworks */ = {isa = PBXBuildFile; fileRef = DCBC8AB114238C180067C0B4 /* Foundation.framework */; };
		DCBC8AB414238C180067C0B4 /* CoreGraphics.framework in Frameworks */ = {isa = PBXBuildFile; fileRef = DCBC8AB314238C180067C0B4 /* CoreGraphics.framework */; };
		DCBC8AB614238C180067C0B4 /* CoreData.framework in Frameworks */ = {isa = PBXBuildFile; fileRef = DCBC8AB514238C180067C0B4 /* CoreData.framework */; };
		DCBC8ABC14238C180067C0B4 /* InfoPlist.strings in Resources */ = {isa = PBXBuildFile; fileRef = DCBC8ABA14238C180067C0B4 /* InfoPlist.strings */; };
		DCBC8ABE14238C190067C0B4 /* main.m in Sources */ = {isa = PBXBuildFile; fileRef = DCBC8ABD14238C180067C0B4 /* main.m */; };
		DCBC8AC214238C190067C0B4 /* iConcept_LiveAppDelegate.m in Sources */ = {isa = PBXBuildFile; fileRef = DCBC8AC114238C190067C0B4 /* iConcept_LiveAppDelegate.m */; };
		DCBC8AC514238C190067C0B4 /* MainWindow.xib in Resources */ = {isa = PBXBuildFile; fileRef = DCBC8AC314238C190067C0B4 /* MainWindow.xib */; };
		DCBC8AC814238C190067C0B4 /* iConcept_Live.xcdatamodeld in Sources */ = {isa = PBXBuildFile; fileRef = DCBC8AC614238C190067C0B4 /* iConcept_Live.xcdatamodeld */; };
		DCBC8AD114238D8B0067C0B4 /* HomeViewController.m in Sources */ = {isa = PBXBuildFile; fileRef = DCBC8ACF14238D8B0067C0B4 /* HomeViewController.m */; };
		DCBC8AD214238D8B0067C0B4 /* HomeViewController.xib in Resources */ = {isa = PBXBuildFile; fileRef = DCBC8AD014238D8B0067C0B4 /* HomeViewController.xib */; };
		DCBC8AD6142393EF0067C0B4 /* AroundMeViewController.m in Sources */ = {isa = PBXBuildFile; fileRef = DCBC8AD4142393EF0067C0B4 /* AroundMeViewController.m */; };
		DCBC8AD7142393EF0067C0B4 /* AroundMeViewController.xib in Resources */ = {isa = PBXBuildFile; fileRef = DCBC8AD5142393EF0067C0B4 /* AroundMeViewController.xib */; };
		DCC775791443181400A5A40F /* CommentsViewController.m in Sources */ = {isa = PBXBuildFile; fileRef = DCC775771443181400A5A40F /* CommentsViewController.m */; };
		DCC7757A1443181400A5A40F /* CommentsViewController.xib in Resources */ = {isa = PBXBuildFile; fileRef = DCC775781443181400A5A40F /* CommentsViewController.xib */; };
		DCC7757D14431CEF00A5A40F /* Comments.png in Resources */ = {isa = PBXBuildFile; fileRef = DCC7757C14431CEF00A5A40F /* Comments.png */; };
		DCC7758114431D1F00A5A40F /* CommentsInputViewController.m in Sources */ = {isa = PBXBuildFile; fileRef = DCC7757F14431D1F00A5A40F /* CommentsInputViewController.m */; };
		DCC7758214431D1F00A5A40F /* CommentsInputViewController.xib in Resources */ = {isa = PBXBuildFile; fileRef = DCC7758014431D1F00A5A40F /* CommentsInputViewController.xib */; };
		DCCCAFFC146FEE29007D62E4 /* DetailMapViewController.m in Sources */ = {isa = PBXBuildFile; fileRef = DCCCAFFA146FEE28007D62E4 /* DetailMapViewController.m */; };
		DCCCAFFD146FEE29007D62E4 /* DetailMapViewController.xib in Resources */ = {isa = PBXBuildFile; fileRef = DCCCAFFB146FEE29007D62E4 /* DetailMapViewController.xib */; };
		DCCCAFFF146FEE62007D62E4 /* 96-book.png in Resources */ = {isa = PBXBuildFile; fileRef = DCCCAFFE146FEE62007D62E4 /* 96-book.png */; };
		DCCCB005146FF28A007D62E4 /* 71-compass.png in Resources */ = {isa = PBXBuildFile; fileRef = DCCCB004146FF28A007D62E4 /* 71-compass.png */; };
		DCCD3E621453B9D1002C46A1 /* DetailsViewController.m in Sources */ = {isa = PBXBuildFile; fileRef = DCCD3E601453B9D0002C46A1 /* DetailsViewController.m */; };
		DCCD3E631453B9D1002C46A1 /* DetailsViewController.xib in Resources */ = {isa = PBXBuildFile; fileRef = DCCD3E611453B9D0002C46A1 /* DetailsViewController.xib */; };
		DCCE8B021452BF50009559FB /* 73-radar.png in Resources */ = {isa = PBXBuildFile; fileRef = DCCE8B011452BF50009559FB /* 73-radar.png */; };
		DCFFC1DB1438436A00B3FF6D /* Details.m in Sources */ = {isa = PBXBuildFile; fileRef = DCFFC1D91438436A00B3FF6D /* Details.m */; };
		DCFFC1DC1438436A00B3FF6D /* Details.xib in Resources */ = {isa = PBXBuildFile; fileRef = DCFFC1DA1438436A00B3FF6D /* Details.xib */; };
/* End PBXBuildFile section */

/* Begin PBXFileReference section */
		DC834252147158DE00F7025A /* Location.gpx */ = {isa = PBXFileReference; fileEncoding = 4; lastKnownFileType = text.xml; path = Location.gpx; sourceTree = "<group>"; };
		DC89B826143742AE00A35C7C /* CustomTableCell.h */ = {isa = PBXFileReference; fileEncoding = 4; lastKnownFileType = sourcecode.c.h; path = CustomTableCell.h; sourceTree = "<group>"; };
		DC89B827143742AE00A35C7C /* CustomTableCell.m */ = {isa = PBXFileReference; fileEncoding = 4; lastKnownFileType = sourcecode.c.objc; path = CustomTableCell.m; sourceTree = "<group>"; };
		DC89B828143742AE00A35C7C /* CustomTableCell.xib */ = {isa = PBXFileReference; fileEncoding = 4; lastKnownFileType = file.xib; path = CustomTableCell.xib; sourceTree = "<group>"; };
		DC89B82C143745CB00A35C7C /* JSON.h */ = {isa = PBXFileReference; fileEncoding = 4; lastKnownFileType = sourcecode.c.h; path = JSON.h; sourceTree = "<group>"; };
		DC89B82D143745E700A35C7C /* NSObject+SBJSON.h */ = {isa = PBXFileReference; fileEncoding = 4; lastKnownFileType = sourcecode.c.h; path = "NSObject+SBJSON.h"; sourceTree = "<group>"; };
		DC89B82E143745E700A35C7C /* NSObject+SBJSON.m */ = {isa = PBXFileReference; fileEncoding = 4; lastKnownFileType = sourcecode.c.objc; path = "NSObject+SBJSON.m"; sourceTree = "<group>"; };
		DC89B82F143745E700A35C7C /* NSString+SBJSON.h */ = {isa = PBXFileReference; fileEncoding = 4; lastKnownFileType = sourcecode.c.h; path = "NSString+SBJSON.h"; sourceTree = "<group>"; };
		DC89B830143745E800A35C7C /* NSString+SBJSON.m */ = {isa = PBXFileReference; fileEncoding = 4; lastKnownFileType = sourcecode.c.objc; path = "NSString+SBJSON.m"; sourceTree = "<group>"; };
		DC89B831143745E800A35C7C /* SBJsonParser.h */ = {isa = PBXFileReference; fileEncoding = 4; lastKnownFileType = sourcecode.c.h; path = SBJsonParser.h; sourceTree = "<group>"; };
		DC89B832143745E800A35C7C /* SBJsonParser.m */ = {isa = PBXFileReference; fileEncoding = 4; lastKnownFileType = sourcecode.c.objc; path = SBJsonParser.m; sourceTree = "<group>"; };
		DC89B833143745E800A35C7C /* SBJsonWriter.h */ = {isa = PBXFileReference; fileEncoding = 4; lastKnownFileType = sourcecode.c.h; path = SBJsonWriter.h; sourceTree = "<group>"; };
		DC89B834143745E800A35C7C /* SBJsonWriter.m */ = {isa = PBXFileReference; fileEncoding = 4; lastKnownFileType = sourcecode.c.objc; path = SBJsonWriter.m; sourceTree = "<group>"; };
		DC89B839143745F000A35C7C /* SBJsonBase.m */ = {isa = PBXFileReference; fileEncoding = 4; lastKnownFileType = sourcecode.c.objc; path = SBJsonBase.m; sourceTree = "<group>"; };
		DC89B83B143745F900A35C7C /* SBJsonBase.h */ = {isa = PBXFileReference; fileEncoding = 4; lastKnownFileType = sourcecode.c.h; path = SBJsonBase.h; sourceTree = "<group>"; };
		DC8A41AB1478D3E900FF9245 /* CategoryViewController.h */ = {isa = PBXFileReference; fileEncoding = 4; lastKnownFileType = sourcecode.c.h; path = CategoryViewController.h; sourceTree = "<group>"; };
		DC8A41AC1478D3E900FF9245 /* CategoryViewController.m */ = {isa = PBXFileReference; fileEncoding = 4; lastKnownFileType = sourcecode.c.objc; path = CategoryViewController.m; sourceTree = "<group>"; };
		DC8A41AD1478D3E900FF9245 /* CategoryViewController.xib */ = {isa = PBXFileReference; fileEncoding = 4; lastKnownFileType = file.xib; path = CategoryViewController.xib; sourceTree = "<group>"; };
		DC8A41B61478DB0100FF9245 /* Default.png */ = {isa = PBXFileReference; lastKnownFileType = image.png; path = Default.png; sourceTree = "<group>"; };
		DCA92705147802F800CB8D60 /* 08-chat.png */ = {isa = PBXFileReference; lastKnownFileType = image.png; path = "08-chat.png"; sourceTree = "<group>"; };
		DCA927071478037E00CB8D60 /* 33-cabinet.png */ = {isa = PBXFileReference; lastKnownFileType = image.png; path = "33-cabinet.png"; sourceTree = "<group>"; };
		DCA966A414754B86008465B3 /* CommentsTableCell.h */ = {isa = PBXFileReference; fileEncoding = 4; lastKnownFileType = sourcecode.c.h; path = CommentsTableCell.h; sourceTree = "<group>"; };
		DCA966A514754B86008465B3 /* CommentsTableCell.m */ = {isa = PBXFileReference; fileEncoding = 4; lastKnownFileType = sourcecode.c.objc; path = CommentsTableCell.m; sourceTree = "<group>"; };
		DCA966A614754B86008465B3 /* CommentsTableCell.xib */ = {isa = PBXFileReference; fileEncoding = 4; lastKnownFileType = file.xib; path = CommentsTableCell.xib; sourceTree = "<group>"; };
		DCA966AA14754D52008465B3 /* CommentsDetailViewController.h */ = {isa = PBXFileReference; fileEncoding = 4; lastKnownFileType = sourcecode.c.h; name = CommentsDetailViewController.h; path = ../CommentsDetailViewController.h; sourceTree = "<group>"; };
		DCA966AB14754D52008465B3 /* CommentsDetailViewController.m */ = {isa = PBXFileReference; fileEncoding = 4; lastKnownFileType = sourcecode.c.objc; name = CommentsDetailViewController.m; path = ../CommentsDetailViewController.m; sourceTree = "<group>"; };
		DCA966AC14754D52008465B3 /* CommentsDetailViewController.xib */ = {isa = PBXFileReference; fileEncoding = 4; lastKnownFileType = file.xib; name = CommentsDetailViewController.xib; path = ../CommentsDetailViewController.xib; sourceTree = "<group>"; };
		DCAFA4DD147291FE006C5969 /* MoreViewController.h */ = {isa = PBXFileReference; fileEncoding = 4; lastKnownFileType = sourcecode.c.h; path = MoreViewController.h; sourceTree = "<group>"; };
		DCAFA4DE147291FE006C5969 /* MoreViewController.m */ = {isa = PBXFileReference; fileEncoding = 4; lastKnownFileType = sourcecode.c.objc; path = MoreViewController.m; sourceTree = "<group>"; };
		DCAFA4DF147291FE006C5969 /* MoreViewController.xib */ = {isa = PBXFileReference; fileEncoding = 4; lastKnownFileType = file.xib; path = MoreViewController.xib; sourceTree = "<group>"; };
		DCAFA4E714729864006C5969 /* ShareViewController.h */ = {isa = PBXFileReference; fileEncoding = 4; lastKnownFileType = sourcecode.c.h; path = ShareViewController.h; sourceTree = "<group>"; };
		DCAFA4E814729864006C5969 /* ShareViewController.m */ = {isa = PBXFileReference; fileEncoding = 4; lastKnownFileType = sourcecode.c.objc; path = ShareViewController.m; sourceTree = "<group>"; };
		DCAFA4E914729864006C5969 /* ShareViewController.xib */ = {isa = PBXFileReference; fileEncoding = 4; lastKnownFileType = file.xib; path = ShareViewController.xib; sourceTree = "<group>"; };
		DCAFA4EC14729C65006C5969 /* Shout.png */ = {isa = PBXFileReference; lastKnownFileType = image.png; path = Shout.png; sourceTree = "<group>"; };
		DCAFA4EE14729D33006C5969 /* 112-group.png */ = {isa = PBXFileReference; lastKnownFileType = image.png; path = "112-group.png"; sourceTree = "<group>"; };
		DCAFA4F014729F4D006C5969 /* AboutViewController.h */ = {isa = PBXFileReference; fileEncoding = 4; lastKnownFileType = sourcecode.c.h; path = AboutViewController.h; sourceTree = "<group>"; };
		DCAFA4F114729F4D006C5969 /* AboutViewController.m */ = {isa = PBXFileReference; fileEncoding = 4; lastKnownFileType = sourcecode.c.objc; path = AboutViewController.m; sourceTree = "<group>"; };
		DCAFA4F214729F4D006C5969 /* AboutViewController.xib */ = {isa = PBXFileReference; fileEncoding = 4; lastKnownFileType = file.xib; path = AboutViewController.xib; sourceTree = "<group>"; };
		DCB6BE00142E012800DCA5F4 /* AroundMeMapResults.h */ = {isa = PBXFileReference; fileEncoding = 4; lastKnownFileType = sourcecode.c.h; path = AroundMeMapResults.h; sourceTree = "<group>"; };
		DCB6BE01142E012800DCA5F4 /* AroundMeMapResults.m */ = {isa = PBXFileReference; fileEncoding = 4; lastKnownFileType = sourcecode.c.objc; path = AroundMeMapResults.m; sourceTree = "<group>"; };
		DCB6BE02142E012800DCA5F4 /* AroundMeMapResults.xib */ = {isa = PBXFileReference; fileEncoding = 4; lastKnownFileType = file.xib; path = AroundMeMapResults.xib; sourceTree = "<group>"; };
		DCB6BE03142E012800DCA5F4 /* AroundMeResults.m */ = {isa = PBXFileReference; fileEncoding = 4; lastKnownFileType = sourcecode.c.objc; path = AroundMeResults.m; sourceTree = "<group>"; };
		DCB6BE04142E012800DCA5F4 /* AroundMeResults.xib */ = {isa = PBXFileReference; fileEncoding = 4; lastKnownFileType = file.xib; path = AroundMeResults.xib; sourceTree = "<group>"; };
		DCB6BE05142E012800DCA5F4 /* AroundMeResultsViewController.h */ = {isa = PBXFileReference; fileEncoding = 4; lastKnownFileType = sourcecode.c.h; path = AroundMeResultsViewController.h; sourceTree = "<group>"; };
		DCB6BE06142E012800DCA5F4 /* AroundMeResultsViewController.xib */ = {isa = PBXFileReference; fileEncoding = 4; lastKnownFileType = file.xib; path = AroundMeResultsViewController.xib; sourceTree = "<group>"; };
		DCB6BE0D142E014900DCA5F4 /* AroundMeResults.h */ = {isa = PBXFileReference; fileEncoding = 4; lastKnownFileType = sourcecode.c.h; path = AroundMeResults.h; sourceTree = "<group>"; };
		DCB6BE0E142E014900DCA5F4 /* AroundMeResultsViewController.m */ = {isa = PBXFileReference; fileEncoding = 4; lastKnownFileType = sourcecode.c.objc; path = AroundMeResultsViewController.m; sourceTree = "<group>"; };
		DCB6BE10142E01D400DCA5F4 /* CoreLocation.framework */ = {isa = PBXFileReference; lastKnownFileType = wrapper.framework; name = CoreLocation.framework; path = System/Library/Frameworks/CoreLocation.framework; sourceTree = SDKROOT; };
		DCB6BE12142E01D900DCA5F4 /* MapKit.framework */ = {isa = PBXFileReference; lastKnownFileType = wrapper.framework; name = MapKit.framework; path = System/Library/Frameworks/MapKit.framework; sourceTree = SDKROOT; };
		DCBC8AAB14238C180067C0B4 /* iConcept Live.app */ = {isa = PBXFileReference; explicitFileType = wrapper.application; includeInIndex = 0; path = "iConcept Live.app"; sourceTree = BUILT_PRODUCTS_DIR; };
		DCBC8AAF14238C180067C0B4 /* UIKit.framework */ = {isa = PBXFileReference; lastKnownFileType = wrapper.framework; name = UIKit.framework; path = System/Library/Frameworks/UIKit.framework; sourceTree = SDKROOT; };
		DCBC8AB114238C180067C0B4 /* Foundation.framework */ = {isa = PBXFileReference; lastKnownFileType = wrapper.framework; name = Foundation.framework; path = System/Library/Frameworks/Foundation.framework; sourceTree = SDKROOT; };
		DCBC8AB314238C180067C0B4 /* CoreGraphics.framework */ = {isa = PBXFileReference; lastKnownFileType = wrapper.framework; name = CoreGraphics.framework; path = System/Library/Frameworks/CoreGraphics.framework; sourceTree = SDKROOT; };
		DCBC8AB514238C180067C0B4 /* CoreData.framework */ = {isa = PBXFileReference; lastKnownFileType = wrapper.framework; name = CoreData.framework; path = System/Library/Frameworks/CoreData.framework; sourceTree = SDKROOT; };
		DCBC8AB914238C180067C0B4 /* iConcept Live-Info.plist */ = {isa = PBXFileReference; lastKnownFileType = text.plist.xml; path = "iConcept Live-Info.plist"; sourceTree = "<group>"; };
		DCBC8ABB14238C180067C0B4 /* en */ = {isa = PBXFileReference; lastKnownFileType = text.plist.strings; name = en; path = en.lproj/InfoPlist.strings; sourceTree = "<group>"; };
		DCBC8ABD14238C180067C0B4 /* main.m */ = {isa = PBXFileReference; lastKnownFileType = sourcecode.c.objc; path = main.m; sourceTree = "<group>"; };
		DCBC8ABF14238C190067C0B4 /* iConcept Live-Prefix.pch */ = {isa = PBXFileReference; lastKnownFileType = sourcecode.c.h; path = "iConcept Live-Prefix.pch"; sourceTree = "<group>"; };
		DCBC8AC014238C190067C0B4 /* iConcept_LiveAppDelegate.h */ = {isa = PBXFileReference; lastKnownFileType = sourcecode.c.h; path = iConcept_LiveAppDelegate.h; sourceTree = "<group>"; };
		DCBC8AC114238C190067C0B4 /* iConcept_LiveAppDelegate.m */ = {isa = PBXFileReference; lastKnownFileType = sourcecode.c.objc; path = iConcept_LiveAppDelegate.m; sourceTree = "<group>"; };
		DCBC8AC414238C190067C0B4 /* en */ = {isa = PBXFileReference; lastKnownFileType = file.xib; name = en; path = en.lproj/MainWindow.xib; sourceTree = "<group>"; };
		DCBC8AC714238C190067C0B4 /* iConcept_Live.xcdatamodel */ = {isa = PBXFileReference; lastKnownFileType = wrapper.xcdatamodel; path = iConcept_Live.xcdatamodel; sourceTree = "<group>"; };
		DCBC8ACE14238D8B0067C0B4 /* HomeViewController.h */ = {isa = PBXFileReference; fileEncoding = 4; lastKnownFileType = sourcecode.c.h; path = HomeViewController.h; sourceTree = "<group>"; };
		DCBC8ACF14238D8B0067C0B4 /* HomeViewController.m */ = {isa = PBXFileReference; fileEncoding = 4; lastKnownFileType = sourcecode.c.objc; path = HomeViewController.m; sourceTree = "<group>"; };
		DCBC8AD014238D8B0067C0B4 /* HomeViewController.xib */ = {isa = PBXFileReference; fileEncoding = 4; lastKnownFileType = file.xib; path = HomeViewController.xib; sourceTree = "<group>"; };
		DCBC8AD3142393EF0067C0B4 /* AroundMeViewController.h */ = {isa = PBXFileReference; fileEncoding = 4; lastKnownFileType = sourcecode.c.h; path = AroundMeViewController.h; sourceTree = "<group>"; };
		DCBC8AD4142393EF0067C0B4 /* AroundMeViewController.m */ = {isa = PBXFileReference; fileEncoding = 4; lastKnownFileType = sourcecode.c.objc; path = AroundMeViewController.m; sourceTree = "<group>"; };
		DCBC8AD5142393EF0067C0B4 /* AroundMeViewController.xib */ = {isa = PBXFileReference; fileEncoding = 4; lastKnownFileType = file.xib; path = AroundMeViewController.xib; sourceTree = "<group>"; };
		DCC775761443181400A5A40F /* CommentsViewController.h */ = {isa = PBXFileReference; fileEncoding = 4; lastKnownFileType = sourcecode.c.h; path = CommentsViewController.h; sourceTree = "<group>"; };
		DCC775771443181400A5A40F /* CommentsViewController.m */ = {isa = PBXFileReference; fileEncoding = 4; lastKnownFileType = sourcecode.c.objc; path = CommentsViewController.m; sourceTree = "<group>"; };
		DCC775781443181400A5A40F /* CommentsViewController.xib */ = {isa = PBXFileReference; fileEncoding = 4; lastKnownFileType = file.xib; path = CommentsViewController.xib; sourceTree = "<group>"; };
		DCC7757C14431CEF00A5A40F /* Comments.png */ = {isa = PBXFileReference; lastKnownFileType = image.png; path = Comments.png; sourceTree = "<group>"; };
		DCC7757E14431D1F00A5A40F /* CommentsInputViewController.h */ = {isa = PBXFileReference; fileEncoding = 4; lastKnownFileType = sourcecode.c.h; path = CommentsInputViewController.h; sourceTree = "<group>"; };
		DCC7757F14431D1F00A5A40F /* CommentsInputViewController.m */ = {isa = PBXFileReference; fileEncoding = 4; lastKnownFileType = sourcecode.c.objc; path = CommentsInputViewController.m; sourceTree = "<group>"; };
		DCC7758014431D1F00A5A40F /* CommentsInputViewController.xib */ = {isa = PBXFileReference; fileEncoding = 4; lastKnownFileType = file.xib; path = CommentsInputViewController.xib; sourceTree = "<group>"; };
		DCCCAFF9146FEE28007D62E4 /* DetailMapViewController.h */ = {isa = PBXFileReference; fileEncoding = 4; lastKnownFileType = sourcecode.c.h; path = DetailMapViewController.h; sourceTree = "<group>"; };
		DCCCAFFA146FEE28007D62E4 /* DetailMapViewController.m */ = {isa = PBXFileReference; fileEncoding = 4; lastKnownFileType = sourcecode.c.objc; path = DetailMapViewController.m; sourceTree = "<group>"; };
		DCCCAFFB146FEE29007D62E4 /* DetailMapViewController.xib */ = {isa = PBXFileReference; fileEncoding = 4; lastKnownFileType = file.xib; path = DetailMapViewController.xib; sourceTree = "<group>"; };
		DCCCAFFE146FEE62007D62E4 /* 96-book.png */ = {isa = PBXFileReference; lastKnownFileType = image.png; path = "96-book.png"; sourceTree = "<group>"; };
		DCCCB004146FF28A007D62E4 /* 71-compass.png */ = {isa = PBXFileReference; lastKnownFileType = image.png; path = "71-compass.png"; sourceTree = "<group>"; };
		DCCD3E5F1453B9D0002C46A1 /* DetailsViewController.h */ = {isa = PBXFileReference; fileEncoding = 4; lastKnownFileType = sourcecode.c.h; name = DetailsViewController.h; path = ../DetailsViewController.h; sourceTree = "<group>"; };
		DCCD3E601453B9D0002C46A1 /* DetailsViewController.m */ = {isa = PBXFileReference; fileEncoding = 4; lastKnownFileType = sourcecode.c.objc; name = DetailsViewController.m; path = ../DetailsViewController.m; sourceTree = "<group>"; };
		DCCD3E611453B9D0002C46A1 /* DetailsViewController.xib */ = {isa = PBXFileReference; fileEncoding = 4; lastKnownFileType = file.xib; name = DetailsViewController.xib; path = ../DetailsViewController.xib; sourceTree = "<group>"; };
		DCCE8B011452BF50009559FB /* 73-radar.png */ = {isa = PBXFileReference; lastKnownFileType = image.png; name = "73-radar.png"; path = "../../../../../Applications/BNL/icons/73-radar.png"; sourceTree = "<group>"; };
		DCFFC1D81438436A00B3FF6D /* Details.h */ = {isa = PBXFileReference; fileEncoding = 4; lastKnownFileType = sourcecode.c.h; path = Details.h; sourceTree = "<group>"; };
		DCFFC1D91438436A00B3FF6D /* Details.m */ = {isa = PBXFileReference; fileEncoding = 4; lastKnownFileType = sourcecode.c.objc; path = Details.m; sourceTree = "<group>"; };
		DCFFC1DA1438436A00B3FF6D /* Details.xib */ = {isa = PBXFileReference; fileEncoding = 4; lastKnownFileType = file.xib; path = Details.xib; sourceTree = "<group>"; };
/* End PBXFileReference section */

/* Begin PBXFrameworksBuildPhase section */
		DCBC8AA814238C180067C0B4 /* Frameworks */ = {
			isa = PBXFrameworksBuildPhase;
			buildActionMask = 2147483647;
			files = (
				DCB6BE13142E01D900DCA5F4 /* MapKit.framework in Frameworks */,
				DCB6BE11142E01D400DCA5F4 /* CoreLocation.framework in Frameworks */,
				DCBC8AB014238C180067C0B4 /* UIKit.framework in Frameworks */,
				DCBC8AB214238C180067C0B4 /* Foundation.framework in Frameworks */,
				DCBC8AB414238C180067C0B4 /* CoreGraphics.framework in Frameworks */,
				DCBC8AB614238C180067C0B4 /* CoreData.framework in Frameworks */,
			);
			runOnlyForDeploymentPostprocessing = 0;
		};
/* End PBXFrameworksBuildPhase section */

/* Begin PBXGroup section */
		DCBC8AA014238C180067C0B4 = {
			isa = PBXGroup;
			children = (
				DCBC8AB714238C180067C0B4 /* iConcept Live */,
				DCBC8AAE14238C180067C0B4 /* Frameworks */,
				DCBC8AAC14238C180067C0B4 /* Products */,
			);
			sourceTree = "<group>";
		};
		DCBC8AAC14238C180067C0B4 /* Products */ = {
			isa = PBXGroup;
			children = (
				DCBC8AAB14238C180067C0B4 /* iConcept Live.app */,
			);
			name = Products;
			sourceTree = "<group>";
		};
		DCBC8AAE14238C180067C0B4 /* Frameworks */ = {
			isa = PBXGroup;
			children = (
				DCB6BE12142E01D900DCA5F4 /* MapKit.framework */,
				DCB6BE10142E01D400DCA5F4 /* CoreLocation.framework */,
				DCBC8AAF14238C180067C0B4 /* UIKit.framework */,
				DCBC8AB114238C180067C0B4 /* Foundation.framework */,
				DCBC8AB314238C180067C0B4 /* CoreGraphics.framework */,
				DCBC8AB514238C180067C0B4 /* CoreData.framework */,
			);
			name = Frameworks;
			sourceTree = "<group>";
		};
		DCBC8AB714238C180067C0B4 /* iConcept Live */ = {
			isa = PBXGroup;
			children = (
				DCA966AA14754D52008465B3 /* CommentsDetailViewController.h */,
				DCA966AB14754D52008465B3 /* CommentsDetailViewController.m */,
				DCA966AC14754D52008465B3 /* CommentsDetailViewController.xib */,
				DCCCAFF0146EBBDA007D62E4 /* View */,
				DCCE8AFC1452BD75009559FB /* Image */,
				DCCE8AFE1452BDBD009559FB /* Library */,
				DCCD3E5F1453B9D0002C46A1 /* DetailsViewController.h */,
				DCAFA4E714729864006C5969 /* ShareViewController.h */,
				DCAFA4E814729864006C5969 /* ShareViewController.m */,
				DCAFA4F014729F4D006C5969 /* AboutViewController.h */,
				DCAFA4F114729F4D006C5969 /* AboutViewController.m */,
				DC8A41AB1478D3E900FF9245 /* CategoryViewController.h */,
				DC8A41AC1478D3E900FF9245 /* CategoryViewController.m */,
				DCAFA4DD147291FE006C5969 /* MoreViewController.h */,
				DCAFA4DE147291FE006C5969 /* MoreViewController.m */,
				DCCD3E601453B9D0002C46A1 /* DetailsViewController.m */,
				DCB6BE0D142E014900DCA5F4 /* AroundMeResults.h */,
				DCB6BE0E142E014900DCA5F4 /* AroundMeResultsViewController.m */,
				DCB6BE00142E012800DCA5F4 /* AroundMeMapResults.h */,
				DCB6BE01142E012800DCA5F4 /* AroundMeMapResults.m */,
				DCB6BE03142E012800DCA5F4 /* AroundMeResults.m */,
				DC89B826143742AE00A35C7C /* CustomTableCell.h */,
				DC89B827143742AE00A35C7C /* CustomTableCell.m */,
				DCB6BE05142E012800DCA5F4 /* AroundMeResultsViewController.h */,
				DCCCAFF9146FEE28007D62E4 /* DetailMapViewController.h */,
				DCCCAFFA146FEE28007D62E4 /* DetailMapViewController.m */,
				DC834252147158DE00F7025A /* Location.gpx */,
				DCBC8AC014238C190067C0B4 /* iConcept_LiveAppDelegate.h */,
				DCBC8AC114238C190067C0B4 /* iConcept_LiveAppDelegate.m */,
				DCBC8ACE14238D8B0067C0B4 /* HomeViewController.h */,
				DCBC8ACF14238D8B0067C0B4 /* HomeViewController.m */,
				DCBC8AD3142393EF0067C0B4 /* AroundMeViewController.h */,
				DCBC8AD4142393EF0067C0B4 /* AroundMeViewController.m */,
				DCC7757E14431D1F00A5A40F /* CommentsInputViewController.h */,
				DCC7757F14431D1F00A5A40F /* CommentsInputViewController.m */,
				DCFFC1D81438436A00B3FF6D /* Details.h */,
				DCFFC1D91438436A00B3FF6D /* Details.m */,
				DCC775761443181400A5A40F /* CommentsViewController.h */,
				DCC775771443181400A5A40F /* CommentsViewController.m */,
				DCA966A414754B86008465B3 /* CommentsTableCell.h */,
				DCA966A514754B86008465B3 /* CommentsTableCell.m */,
				DCA966A614754B86008465B3 /* CommentsTableCell.xib */,
				DCBC8AC614238C190067C0B4 /* iConcept_Live.xcdatamodeld */,
				DCBC8AB814238C180067C0B4 /* Supporting Files */,
			);
			path = "iConcept Live";
			sourceTree = "<group>";
		};
		DCBC8AB814238C180067C0B4 /* Supporting Files */ = {
			isa = PBXGroup;
			children = (
				DCBC8AB914238C180067C0B4 /* iConcept Live-Info.plist */,
				DCBC8ABA14238C180067C0B4 /* InfoPlist.strings */,
				DCBC8ABD14238C180067C0B4 /* main.m */,
				DCBC8ABF14238C190067C0B4 /* iConcept Live-Prefix.pch */,
			);
			name = "Supporting Files";
			sourceTree = "<group>";
		};
		DCCCAFF0146EBBDA007D62E4 /* View */ = {
			isa = PBXGroup;
			children = (
				DCB6BE06142E012800DCA5F4 /* AroundMeResultsViewController.xib */,
				DCFFC1DA1438436A00B3FF6D /* Details.xib */,
				DCC775781443181400A5A40F /* CommentsViewController.xib */,
				DC89B828143742AE00A35C7C /* CustomTableCell.xib */,
				DCBC8AD014238D8B0067C0B4 /* HomeViewController.xib */,
				DCBC8AC314238C190067C0B4 /* MainWindow.xib */,
				DCC7758014431D1F00A5A40F /* CommentsInputViewController.xib */,
				DCBC8AD5142393EF0067C0B4 /* AroundMeViewController.xib */,
				DCB6BE04142E012800DCA5F4 /* AroundMeResults.xib */,
				DCB6BE02142E012800DCA5F4 /* AroundMeMapResults.xib */,
				DCCCAFFB146FEE29007D62E4 /* DetailMapViewController.xib */,
				DCAFA4DF147291FE006C5969 /* MoreViewController.xib */,
				DCAFA4E914729864006C5969 /* ShareViewController.xib */,
				DC8A41AD1478D3E900FF9245 /* CategoryViewController.xib */,
				DCAFA4F214729F4D006C5969 /* AboutViewController.xib */,
				DCCD3E611453B9D0002C46A1 /* DetailsViewController.xib */,
			);
			name = View;
			sourceTree = "<group>";
		};
		DCCE8AFC1452BD75009559FB /* Image */ = {
			isa = PBXGroup;
			children = (
				DC8A41B61478DB0100FF9245 /* Default.png */,
				DCA927071478037E00CB8D60 /* 33-cabinet.png */,
				DCAFA4EE14729D33006C5969 /* 112-group.png */,
				DCCCB004146FF28A007D62E4 /* 71-compass.png */,
				DCA92705147802F800CB8D60 /* 08-chat.png */,
				DCCCAFFE146FEE62007D62E4 /* 96-book.png */,
				DCAFA4EC14729C65006C5969 /* Shout.png */,
				DCCE8B011452BF50009559FB /* 73-radar.png */,
				DCC7757C14431CEF00A5A40F /* Comments.png */,
			);
			name = Image;
			sourceTree = "<group>";
		};
		DCCE8AFE1452BDBD009559FB /* Library */ = {
			isa = PBXGroup;
			children = (
				DC89B83B143745F900A35C7C /* SBJsonBase.h */,
				DC89B832143745E800A35C7C /* SBJsonParser.m */,
				DC89B830143745E800A35C7C /* NSString+SBJSON.m */,
				DC89B82E143745E700A35C7C /* NSObject+SBJSON.m */,
				DC89B834143745E800A35C7C /* SBJsonWriter.m */,
				DC89B831143745E800A35C7C /* SBJsonParser.h */,
				DC89B82C143745CB00A35C7C /* JSON.h */,
				DC89B82F143745E700A35C7C /* NSString+SBJSON.h */,
				DC89B839143745F000A35C7C /* SBJsonBase.m */,
				DC89B82D143745E700A35C7C /* NSObject+SBJSON.h */,
				DC89B833143745E800A35C7C /* SBJsonWriter.h */,
			);
			name = Library;
			sourceTree = "<group>";
		};
/* End PBXGroup section */

/* Begin PBXNativeTarget section */
		DCBC8AAA14238C180067C0B4 /* iConcept Live */ = {
			isa = PBXNativeTarget;
			buildConfigurationList = DCBC8ACB14238C190067C0B4 /* Build configuration list for PBXNativeTarget "iConcept Live" */;
			buildPhases = (
				DCBC8AA714238C180067C0B4 /* Sources */,
				DCBC8AA814238C180067C0B4 /* Frameworks */,
				DCBC8AA914238C180067C0B4 /* Resources */,
			);
			buildRules = (
			);
			dependencies = (
			);
			name = "iConcept Live";
			productName = "iConcept Live";
			productReference = DCBC8AAB14238C180067C0B4 /* iConcept Live.app */;
			productType = "com.apple.product-type.application";
		};
/* End PBXNativeTarget section */

/* Begin PBXProject section */
		DCBC8AA214238C180067C0B4 /* Project object */ = {
			isa = PBXProject;
			attributes = {
				LastUpgradeCheck = 0420;
			};
			buildConfigurationList = DCBC8AA514238C180067C0B4 /* Build configuration list for PBXProject "iConcept Live" */;
			compatibilityVersion = "Xcode 3.2";
			developmentRegion = English;
			hasScannedForEncodings = 0;
			knownRegions = (
				en,
			);
			mainGroup = DCBC8AA014238C180067C0B4;
			productRefGroup = DCBC8AAC14238C180067C0B4 /* Products */;
			projectDirPath = "";
			projectRoot = "";
			targets = (
				DCBC8AAA14238C180067C0B4 /* iConcept Live */,
			);
		};
/* End PBXProject section */

/* Begin PBXResourcesBuildPhase section */
		DCBC8AA914238C180067C0B4 /* Resources */ = {
			isa = PBXResourcesBuildPhase;
			buildActionMask = 2147483647;
			files = (
				DCBC8ABC14238C180067C0B4 /* InfoPlist.strings in Resources */,
				DCBC8AC514238C190067C0B4 /* MainWindow.xib in Resources */,
				DCBC8AD214238D8B0067C0B4 /* HomeViewController.xib in Resources */,
				DCBC8AD7142393EF0067C0B4 /* AroundMeViewController.xib in Resources */,
				DCB6BE08142E012800DCA5F4 /* AroundMeMapResults.xib in Resources */,
				DCB6BE0A142E012800DCA5F4 /* AroundMeResults.xib in Resources */,
				DCB6BE0B142E012800DCA5F4 /* AroundMeResultsViewController.xib in Resources */,
				DC89B82A143742AE00A35C7C /* CustomTableCell.xib in Resources */,
				DCFFC1DC1438436A00B3FF6D /* Details.xib in Resources */,
				DCC7757A1443181400A5A40F /* CommentsViewController.xib in Resources */,
				DCC7757D14431CEF00A5A40F /* Comments.png in Resources */,
				DCC7758214431D1F00A5A40F /* CommentsInputViewController.xib in Resources */,
				DCCE8B021452BF50009559FB /* 73-radar.png in Resources */,
				DCCD3E631453B9D1002C46A1 /* DetailsViewController.xib in Resources */,
				DCCCAFFD146FEE29007D62E4 /* DetailMapViewController.xib in Resources */,
				DCCCAFFF146FEE62007D62E4 /* 96-book.png in Resources */,
				DCCCB005146FF28A007D62E4 /* 71-compass.png in Resources */,
				DC834253147158DE00F7025A /* Location.gpx in Resources */,
				DCAFA4E1147291FE006C5969 /* MoreViewController.xib in Resources */,
				DCAFA4EB14729864006C5969 /* ShareViewController.xib in Resources */,
				DCAFA4ED14729C65006C5969 /* Shout.png in Resources */,
				DCAFA4EF14729D33006C5969 /* 112-group.png in Resources */,
				DCAFA4F414729F4E006C5969 /* AboutViewController.xib in Resources */,
				DCA966A814754B86008465B3 /* CommentsTableCell.xib in Resources */,
				DCA966AE14754D52008465B3 /* CommentsDetailViewController.xib in Resources */,
				DCA92706147802F800CB8D60 /* 08-chat.png in Resources */,
				DCA927081478037E00CB8D60 /* 33-cabinet.png in Resources */,
				DC8A41AF1478D3E900FF9245 /* CategoryViewController.xib in Resources */,
				DC8A41B71478DB0100FF9245 /* Default.png in Resources */,
			);
			runOnlyForDeploymentPostprocessing = 0;
		};
/* End PBXResourcesBuildPhase section */

/* Begin PBXSourcesBuildPhase section */
		DCBC8AA714238C180067C0B4 /* Sources */ = {
			isa = PBXSourcesBuildPhase;
			buildActionMask = 2147483647;
			files = (
				DCBC8ABE14238C190067C0B4 /* main.m in Sources */,
				DCBC8AC214238C190067C0B4 /* iConcept_LiveAppDelegate.m in Sources */,
				DCBC8AC814238C190067C0B4 /* iConcept_Live.xcdatamodeld in Sources */,
				DCBC8AD114238D8B0067C0B4 /* HomeViewController.m in Sources */,
				DCBC8AD6142393EF0067C0B4 /* AroundMeViewController.m in Sources */,
				DCB6BE07142E012800DCA5F4 /* AroundMeMapResults.m in Sources */,
				DCB6BE09142E012800DCA5F4 /* AroundMeResults.m in Sources */,
				DCB6BE0F142E014900DCA5F4 /* AroundMeResultsViewController.m in Sources */,
				DC89B829143742AE00A35C7C /* CustomTableCell.m in Sources */,
				DC89B835143745E800A35C7C /* NSObject+SBJSON.m in Sources */,
				DC89B836143745E800A35C7C /* NSString+SBJSON.m in Sources */,
				DC89B837143745E800A35C7C /* SBJsonParser.m in Sources */,
				DC89B838143745E800A35C7C /* SBJsonWriter.m in Sources */,
				DC89B83A143745F000A35C7C /* SBJsonBase.m in Sources */,
				DCFFC1DB1438436A00B3FF6D /* Details.m in Sources */,
				DCC775791443181400A5A40F /* CommentsViewController.m in Sources */,
				DCC7758114431D1F00A5A40F /* CommentsInputViewController.m in Sources */,
				DCCD3E621453B9D1002C46A1 /* DetailsViewController.m in Sources */,
				DCCCAFFC146FEE29007D62E4 /* DetailMapViewController.m in Sources */,
				DCAFA4E0147291FE006C5969 /* MoreViewController.m in Sources */,
				DCAFA4EA14729864006C5969 /* ShareViewController.m in Sources */,
				DCAFA4F314729F4E006C5969 /* AboutViewController.m in Sources */,
				DCA966A714754B86008465B3 /* CommentsTableCell.m in Sources */,
				DCA966AD14754D52008465B3 /* CommentsDetailViewController.m in Sources */,
				DC8A41AE1478D3E900FF9245 /* CategoryViewController.m in Sources */,
			);
			runOnlyForDeploymentPostprocessing = 0;
		};
/* End PBXSourcesBuildPhase section */

/* Begin PBXVariantGroup section */
		DCBC8ABA14238C180067C0B4 /* InfoPlist.strings */ = {
			isa = PBXVariantGroup;
			children = (
				DCBC8ABB14238C180067C0B4 /* en */,
			);
			name = InfoPlist.strings;
			sourceTree = "<group>";
		};
		DCBC8AC314238C190067C0B4 /* MainWindow.xib */ = {
			isa = PBXVariantGroup;
			children = (
				DCBC8AC414238C190067C0B4 /* en */,
			);
			name = MainWindow.xib;
			sourceTree = "<group>";
		};
/* End PBXVariantGroup section */

/* Begin XCBuildConfiguration section */
		DCBC8AC914238C190067C0B4 /* Debug */ = {
			isa = XCBuildConfiguration;
			buildSettings = {
				ALWAYS_SEARCH_USER_PATHS = NO;
				ARCHS = "$(ARCHS_STANDARD_32_BIT)";
				CODE_SIGN_IDENTITY = "iPhone Developer";
				"CODE_SIGN_IDENTITY[sdk=iphoneos*]" = "iPhone Developer";
				COPY_PHASE_STRIP = NO;
				GCC_C_LANGUAGE_STANDARD = gnu99;
				GCC_DYNAMIC_NO_PIC = NO;
				GCC_OPTIMIZATION_LEVEL = 0;
				GCC_PREPROCESSOR_DEFINITIONS = (
					"DEBUG=1",
					"$(inherited)",
				);
				GCC_SYMBOLS_PRIVATE_EXTERN = NO;
				GCC_VERSION = com.apple.compilers.llvmgcc42;
				GCC_WARN_ABOUT_MISSING_PROTOTYPES = YES;
				GCC_WARN_ABOUT_RETURN_TYPE = YES;
				GCC_WARN_UNUSED_VARIABLE = YES;
				IPHONEOS_DEPLOYMENT_TARGET = 4.3;
				PROVISIONING_PROFILE = "";
				SDKROOT = iphoneos;
			};
			name = Debug;
		};
		DCBC8ACA14238C190067C0B4 /* Release */ = {
			isa = XCBuildConfiguration;
			buildSettings = {
				ALWAYS_SEARCH_USER_PATHS = NO;
				ARCHS = "$(ARCHS_STANDARD_32_BIT)";
				CODE_SIGN_IDENTITY = "iPhone Distribution";
				"CODE_SIGN_IDENTITY[sdk=iphoneos*]" = "iPhone Distribution";
				COPY_PHASE_STRIP = YES;
				GCC_C_LANGUAGE_STANDARD = gnu99;
				GCC_VERSION = com.apple.compilers.llvmgcc42;
				GCC_WARN_ABOUT_MISSING_PROTOTYPES = YES;
				GCC_WARN_ABOUT_RETURN_TYPE = YES;
				GCC_WARN_UNUSED_VARIABLE = YES;
				IPHONEOS_DEPLOYMENT_TARGET = 4.3;
				OTHER_CFLAGS = "-DNS_BLOCK_ASSERTIONS=1";
				PROVISIONING_PROFILE = "";
				"PROVISIONING_PROFILE[sdk=iphoneos*]" = "";
				SDKROOT = iphoneos;
				VALIDATE_PRODUCT = YES;
			};
			name = Release;
		};
		DCBC8ACC14238C190067C0B4 /* Debug */ = {
			isa = XCBuildConfiguration;
			buildSettings = {
				CODE_SIGN_IDENTITY = "iPhone Developer";
				GCC_PRECOMPILE_PREFIX_HEADER = YES;
				GCC_PREFIX_HEADER = "iConcept Live/iConcept Live-Prefix.pch";
				GCC_VERSION = com.apple.compilers.llvm.clang.1_0;
				INFOPLIST_FILE = "iConcept Live/iConcept Live-Info.plist";
				PRODUCT_NAME = "$(TARGET_NAME)";
				PROVISIONING_PROFILE = "";
				WRAPPER_EXTENSION = app;
			};
			name = Debug;
		};
		DCBC8ACD14238C190067C0B4 /* Release */ = {
			isa = XCBuildConfiguration;
			buildSettings = {
				CODE_SIGN_IDENTITY = "iPhone Distribution";
				"CODE_SIGN_IDENTITY[sdk=iphoneos*]" = "iPhone Distribution";
				GCC_PRECOMPILE_PREFIX_HEADER = YES;
				GCC_PREFIX_HEADER = "iConcept Live/iConcept Live-Prefix.pch";
				GCC_VERSION = com.apple.compilers.llvm.clang.1_0;
				INFOPLIST_FILE = "iConcept Live/iConcept Live-Info.plist";
				PRODUCT_NAME = "$(TARGET_NAME)";
				PROVISIONING_PROFILE = "";
				"PROVISIONING_PROFILE[sdk=iphoneos*]" = "";
				WRAPPER_EXTENSION = app;
			};
			name = Release;
		};
/* End XCBuildConfiguration section */

/* Begin XCConfigurationList section */
		DCBC8AA514238C180067C0B4 /* Build configuration list for PBXProject "iConcept Live" */ = {
			isa = XCConfigurationList;
			buildConfigurations = (
				DCBC8AC914238C190067C0B4 /* Debug */,
				DCBC8ACA14238C190067C0B4 /* Release */,
			);
			defaultConfigurationIsVisible = 0;
			defaultConfigurationName = Release;
		};
		DCBC8ACB14238C190067C0B4 /* Build configuration list for PBXNativeTarget "iConcept Live" */ = {
			isa = XCConfigurationList;
			buildConfigurations = (
				DCBC8ACC14238C190067C0B4 /* Debug */,
				DCBC8ACD14238C190067C0B4 /* Release */,
			);
			defaultConfigurationIsVisible = 0;
			defaultConfigurationName = Release;
		};
/* End XCConfigurationList section */

/* Begin XCVersionGroup section */
		DCBC8AC614238C190067C0B4 /* iConcept_Live.xcdatamodeld */ = {
			isa = XCVersionGroup;
			children = (
				DCBC8AC714238C190067C0B4 /* iConcept_Live.xcdatamodel */,
			);
			currentVersion = DCBC8AC714238C190067C0B4 /* iConcept_Live.xcdatamodel */;
			path = iConcept_Live.xcdatamodeld;
			sourceTree = "<group>";
			versionGroupType = wrapper.xcdatamodel;
		};
/* End XCVersionGroup section */
	};
	rootObject = DCBC8AA214238C180067C0B4 /* Project object */;
}
